
Microsoft Visual Studio Solution File, Format Version 12.00
# Visual Studio Version 16
VisualStudioVersion = 16.0.30330.147
MinimumVisualStudioVersion = 10.0.40219.1
Project("{9A19103F-16F7-4668-BE54-9A1E7A4F7556}") = "Task 1", "Task 1\Task 1.csproj", "{4107FE7D-DE4D-4A71-B51E-C970E6034758}"
EndProject
Project("{9A19103F-16F7-4668-BE54-9A1E7A4F7556}") = "CoreScrapper", "CoreScrapper\CoreScrapper.csproj", "{C5622B4C-446B-4AC8-85E2-2D7BD62016F5}"
EndProject
Project("{FAE04EC0-301F-11D3-BF4B-00C04F79EFBC}") = "Model", "Model\Model.csproj", "{9FD255E4-C26F-4359-BD82-130A07B80B35}"
EndProject
Project("{FAE04EC0-301F-11D3-BF4B-00C04F79EFBC}") = "CoreScrapper.Test", "CoreScrapper.Test\CoreScrapper.Test.csproj", "{FAEE1F8E-789F-4581-AF33-45FEDAFC1A63}"
EndProject
Global
	GlobalSection(SolutionConfigurationPlatforms) = preSolution
		Debug|Any CPU = Debug|Any CPU
		Release|Any CPU = Release|Any CPU
	EndGlobalSection
	GlobalSection(ProjectConfigurationPlatforms) = postSolution
		{4107FE7D-DE4D-4A71-B51E-C970E6034758}.Debug|Any CPU.ActiveCfg = Debug|Any CPU
		{4107FE7D-DE4D-4A71-B51E-C970E6034758}.Debug|Any CPU.Build.0 = Debug|Any CPU
		{4107FE7D-DE4D-4A71-B51E-C970E6034758}.Release|Any CPU.ActiveCfg = Release|Any CPU
		{4107FE7D-DE4D-4A71-B51E-C970E6034758}.Release|Any CPU.Build.0 = Release|Any CPU
		{C5622B4C-446B-4AC8-85E2-2D7BD62016F5}.Debug|Any CPU.ActiveCfg = Debug|Any CPU
		{C5622B4C-446B-4AC8-85E2-2D7BD62016F5}.Debug|Any CPU.Build.0 = Debug|Any CPU
		{C5622B4C-446B-4AC8-85E2-2D7BD62016F5}.Release|Any CPU.ActiveCfg = Release|Any CPU
		{C5622B4C-446B-4AC8-85E2-2D7BD62016F5}.Release|Any CPU.Build.0 = Release|Any CPU
		{9FD255E4-C26F-4359-BD82-130A07B80B35}.Debug|Any CPU.ActiveCfg = Debug|Any CPU
		{9FD255E4-C26F-4359-BD82-130A07B80B35}.Debug|Any CPU.Build.0 = Debug|Any CPU
		{9FD255E4-C26F-4359-BD82-130A07B80B35}.Release|Any CPU.ActiveCfg = Release|Any CPU
		{9FD255E4-C26F-4359-BD82-130A07B80B35}.Release|Any CPU.Build.0 = Release|Any CPU
		{FAEE1F8E-789F-4581-AF33-45FEDAFC1A63}.Debug|Any CPU.ActiveCfg = Debug|Any CPU
		{FAEE1F8E-789F-4581-AF33-45FEDAFC1A63}.Debug|Any CPU.Build.0 = Debug|Any CPU
		{FAEE1F8E-789F-4581-AF33-45FEDAFC1A63}.Release|Any CPU.ActiveCfg = Release|Any CPU
		{FAEE1F8E-789F-4581-AF33-45FEDAFC1A63}.Release|Any CPU.Build.0 = Release|Any CPU
	EndGlobalSection
	GlobalSection(SolutionProperties) = preSolution
		HideSolutionNode = FALSE
	EndGlobalSection
	GlobalSection(ExtensibilityGlobals) = postSolution
		SolutionGuid = {BD0A5B41-49AA-41E5-A9D8-AFD92CD8C95A}
	EndGlobalSection
EndGlobal
